
Microsoft Visual Studio Solution File, Format Version 12.00
# Visual Studio Version 17
VisualStudioVersion = 17.8.34316.72
MinimumVisualStudioVersion = 10.0.40219.1
Project("{9A19103F-16F7-4668-BE54-9A1E7A4F7556}") = "MetatalenteCore", "MetatalenteCore\MetatalenteCore.csproj", "{323317D6-1F7F-4F2A-B9B0-5559228EC6DB}"
EndProject
Project("{2150E333-8FDC-42A3-9474-1A3956D46DE8}") = "Solution Items", "Solution Items", "{99AA0FFE-AB8B-4FA7-9D89-E127DB371E7E}"
	ProjectSection(SolutionItems) = preProject
		.editorconfig = .editorconfig
	EndProjectSection
EndProject
Project("{9A19103F-16F7-4668-BE54-9A1E7A4F7556}") = "MetatalenteWPF", "MetatalenteWPF\MetatalenteWPF.csproj", "{2F0C9F23-F8E8-487E-A422-6E44F39C30FC}"
EndProject
Project("{FAE04EC0-301F-11D3-BF4B-00C04F79EFBC}") = "MetatalenteAvalonia", "MetatalenteAvalonia\MetatalenteAvalonia.csproj", "{24BAC1DC-CE00-402D-91B5-A31EE40D8368}"
EndProject
Global
	GlobalSection(SolutionConfigurationPlatforms) = preSolution
		Debug|Any CPU = Debug|Any CPU
		Release|Any CPU = Release|Any CPU
	EndGlobalSection
	GlobalSection(ProjectConfigurationPlatforms) = postSolution
		{323317D6-1F7F-4F2A-B9B0-5559228EC6DB}.Debug|Any CPU.ActiveCfg = Debug|Any CPU
		{323317D6-1F7F-4F2A-B9B0-5559228EC6DB}.Debug|Any CPU.Build.0 = Debug|Any CPU
		{323317D6-1F7F-4F2A-B9B0-5559228EC6DB}.Release|Any CPU.ActiveCfg = Release|Any CPU
		{323317D6-1F7F-4F2A-B9B0-5559228EC6DB}.Release|Any CPU.Build.0 = Release|Any CPU
		{2F0C9F23-F8E8-487E-A422-6E44F39C30FC}.Debug|Any CPU.ActiveCfg = Debug|Any CPU
		{2F0C9F23-F8E8-487E-A422-6E44F39C30FC}.Debug|Any CPU.Build.0 = Debug|Any CPU
		{2F0C9F23-F8E8-487E-A422-6E44F39C30FC}.Release|Any CPU.ActiveCfg = Release|Any CPU
		{2F0C9F23-F8E8-487E-A422-6E44F39C30FC}.Release|Any CPU.Build.0 = Release|Any CPU
		{24BAC1DC-CE00-402D-91B5-A31EE40D8368}.Debug|Any CPU.ActiveCfg = Debug|Any CPU
		{24BAC1DC-CE00-402D-91B5-A31EE40D8368}.Debug|Any CPU.Build.0 = Debug|Any CPU
		{24BAC1DC-CE00-402D-91B5-A31EE40D8368}.Release|Any CPU.ActiveCfg = Release|Any CPU
		{24BAC1DC-CE00-402D-91B5-A31EE40D8368}.Release|Any CPU.Build.0 = Release|Any CPU
	EndGlobalSection
	GlobalSection(SolutionProperties) = preSolution
		HideSolutionNode = FALSE
	EndGlobalSection
	GlobalSection(ExtensibilityGlobals) = postSolution
		SolutionGuid = {D1F44600-2345-4EA6-BF4F-44C5818DA1CA}
	EndGlobalSection
EndGlobal
